// !$*UTF8*$!
{
	archiveVersion = 1;
	classes = {
	};
	objectVersion = 50;
	objects = {

/* Begin PBXBuildFile section */
		21707D2222E711C000F292B3 /* AppDelegate.swift in Sources */ = {isa = PBXBuildFile; fileRef = 21707D2122E711C000F292B3 /* AppDelegate.swift */; };
		21707D2422E711C000F292B3 /* ViewController.swift in Sources */ = {isa = PBXBuildFile; fileRef = 21707D2322E711C000F292B3 /* ViewController.swift */; };
		21707D2722E711C000F292B3 /* Main.storyboard in Resources */ = {isa = PBXBuildFile; fileRef = 21707D2522E711C000F292B3 /* Main.storyboard */; };
		21707D2A22E711C000F292B3 /* EnjoyMusic.xcdatamodeld in Sources */ = {isa = PBXBuildFile; fileRef = 21707D2822E711C000F292B3 /* EnjoyMusic.xcdatamodeld */; };
		21707D2C22E711C100F292B3 /* Assets.xcassets in Resources */ = {isa = PBXBuildFile; fileRef = 21707D2B22E711C100F292B3 /* Assets.xcassets */; };
		21707D2F22E711C100F292B3 /* LaunchScreen.storyboard in Resources */ = {isa = PBXBuildFile; fileRef = 21707D2D22E711C100F292B3 /* LaunchScreen.storyboard */; };
		21707D3F22E9AA6C00F292B3 /* MusicUIKit.h in Headers */ = {isa = PBXBuildFile; fileRef = 21707D3D22E9AA6C00F292B3 /* MusicUIKit.h */; settings = {ATTRIBUTES = (Public, ); }; };
		21707D4222E9AA6C00F292B3 /* MusicUIKit.framework in Frameworks */ = {isa = PBXBuildFile; fileRef = 21707D3B22E9AA6C00F292B3 /* MusicUIKit.framework */; };
		21707D4322E9AA6C00F292B3 /* MusicUIKit.framework in Embed Frameworks */ = {isa = PBXBuildFile; fileRef = 21707D3B22E9AA6C00F292B3 /* MusicUIKit.framework */; settings = {ATTRIBUTES = (CodeSignOnCopy, RemoveHeadersOnCopy, ); }; };
		21707D5122E9AA7B00F292B3 /* MusicDataKit.h in Headers */ = {isa = PBXBuildFile; fileRef = 21707D4F22E9AA7B00F292B3 /* MusicDataKit.h */; settings = {ATTRIBUTES = (Public, ); }; };
		21707D5422E9AA7B00F292B3 /* MusicDataKit.framework in Frameworks */ = {isa = PBXBuildFile; fileRef = 21707D4D22E9AA7A00F292B3 /* MusicDataKit.framework */; };
		21707D5522E9AA7B00F292B3 /* MusicDataKit.framework in Embed Frameworks */ = {isa = PBXBuildFile; fileRef = 21707D4D22E9AA7A00F292B3 /* MusicDataKit.framework */; settings = {ATTRIBUTES = (CodeSignOnCopy, RemoveHeadersOnCopy, ); }; };
		21707D6222E9AA8E00F292B3 /* Music_iOS.h in Headers */ = {isa = PBXBuildFile; fileRef = 21707D6022E9AA8E00F292B3 /* Music_iOS.h */; settings = {ATTRIBUTES = (Public, ); }; };
		21707D6522E9AA8E00F292B3 /* Music_iOS.framework in Frameworks */ = {isa = PBXBuildFile; fileRef = 21707D5E22E9AA8E00F292B3 /* Music_iOS.framework */; };
		21707D6622E9AA8E00F292B3 /* Music_iOS.framework in Embed Frameworks */ = {isa = PBXBuildFile; fileRef = 21707D5E22E9AA8E00F292B3 /* Music_iOS.framework */; settings = {ATTRIBUTES = (CodeSignOnCopy, RemoveHeadersOnCopy, ); }; };
		21707D6B22E9AB6D00F292B3 /* Cartfile in Resources */ = {isa = PBXBuildFile; fileRef = 21707D6A22E9AB6C00F292B3 /* Cartfile */; };
		21707D9722E9B1D700F292B3 /* NSPersistentStoreCoordinator+Extensions.swift in Sources */ = {isa = PBXBuildFile; fileRef = 21707D7D22E9B1D400F292B3 /* NSPersistentStoreCoordinator+Extensions.swift */; };
		21707D9822E9B1D700F292B3 /* Collection+CoreDataExtensions.swift in Sources */ = {isa = PBXBuildFile; fileRef = 21707D7222E9B1CF00F292B3 /* Collection+CoreDataExtensions.swift */; };
		21707D9922E9B1D700F292B3 /* NSManagedObject+Extensions.swift in Sources */ = {isa = PBXBuildFile; fileRef = 21707D7A22E9B1D200F292B3 /* NSManagedObject+Extensions.swift */; };
		21707D9A22E9B1D700F292B3 /* Migration.swift in Sources */ = {isa = PBXBuildFile; fileRef = 21707D7C22E9B1D300F292B3 /* Migration.swift */; };
		21707D9B22E9B1D700F292B3 /* ManagedObjectObserver.swift in Sources */ = {isa = PBXBuildFile; fileRef = 21707D8922E9B1D600F292B3 /* ManagedObjectObserver.swift */; };
		21707D9C22E9B1D700F292B3 /* ModelVersion.swift in Sources */ = {isa = PBXBuildFile; fileRef = 21707D7B22E9B1D200F292B3 /* ModelVersion.swift */; };
		21707D9D22E9B1D700F292B3 /* NSManagedObjectContext+Observers.swift in Sources */ = {isa = PBXBuildFile; fileRef = 21707D7122E9B1CE00F292B3 /* NSManagedObjectContext+Observers.swift */; };
		21707D9E22E9B1D700F292B3 /* NSManangedObjectContext+Extensions.swift in Sources */ = {isa = PBXBuildFile; fileRef = 21707D6C22E9B1CD00F292B3 /* NSManangedObjectContext+Extensions.swift */; };
		21707D9F22E9B1D700F292B3 /* Utilities.swift in Sources */ = {isa = PBXBuildFile; fileRef = 21707D7922E9B1D100F292B3 /* Utilities.swift */; };
		21707DA022E9B32B00F292B3 /* Managed.swift in Sources */ = {isa = PBXBuildFile; fileRef = 21707D8722E9B1D500F292B3 /* Managed.swift */; };
		21707DAC22E9BB4F00F292B3 /* .gitignore in Resources */ = {isa = PBXBuildFile; fileRef = 21707DAB22E9BB4E00F292B3 /* .gitignore */; };
		21707DAD22EA92AD00F292B3 /* DataUploader.swift in Sources */ = {isa = PBXBuildFile; fileRef = 21707D9322E9B1D700F292B3 /* DataUploader.swift */; };
		21707DAE22EA930200F292B3 /* ChangeProcessor.swift in Sources */ = {isa = PBXBuildFile; fileRef = 21707D8022E9B1D400F292B3 /* ChangeProcessor.swift */; };
		21707DAF22EA93C100F292B3 /* DataDownloader.swift in Sources */ = {isa = PBXBuildFile; fileRef = 21707D9522E9B1D700F292B3 /* DataDownloader.swift */; };
		21707DB022EA941A00F292B3 /* DataRemover.swift in Sources */ = {isa = PBXBuildFile; fileRef = 21707D9622E9B1D700F292B3 /* DataRemover.swift */; };
		21707DB222EA959100F292B3 /* NSManagedObject+Extension.swift in Sources */ = {isa = PBXBuildFile; fileRef = 21707D8E22E9B1D600F292B3 /* NSManagedObject+Extension.swift */; };
		21707DB322EA962F00F292B3 /* DataRemote.swift in Sources */ = {isa = PBXBuildFile; fileRef = 21707D8122E9B1D400F292B3 /* DataRemote.swift */; };
		21707DB422EA965200F292B3 /* SyncCoordinator.swift in Sources */ = {isa = PBXBuildFile; fileRef = 21707D8222E9B1D400F292B3 /* SyncCoordinator.swift */; };
		21707DB522EA965500F292B3 /* SyncContextOwner.swift in Sources */ = {isa = PBXBuildFile; fileRef = 21707D7F22E9B1D400F292B3 /* SyncContextOwner.swift */; };
		21707DB622EA969F00F292B3 /* RemoteUploadable.swift in Sources */ = {isa = PBXBuildFile; fileRef = 21707D8822E9B1D500F292B3 /* RemoteUploadable.swift */; };
		21707DB822EA973700F292B3 /* Conversation.swift in Sources */ = {isa = PBXBuildFile; fileRef = 21707D6E22E9B1CE00F292B3 /* Conversation.swift */; };
		21707DBA22EA977200F292B3 /* UserOwnable.swift in Sources */ = {isa = PBXBuildFile; fileRef = 21707D8422E9B1D500F292B3 /* UserOwnable.swift */; };
		21707DBB22EA977200F292B3 /* RemoteDeletable.swift in Sources */ = {isa = PBXBuildFile; fileRef = 21707D8522E9B1D500F292B3 /* RemoteDeletable.swift */; };
		21707DBC22EA977200F292B3 /* DeleyedDeletable.swift in Sources */ = {isa = PBXBuildFile; fileRef = 21707D8622E9B1D500F292B3 /* DeleyedDeletable.swift */; };
		21707DBD22EA979100F292B3 /* CloudRemote.swift in Sources */ = {isa = PBXBuildFile; fileRef = 21707D7422E9B1D000F292B3 /* CloudRemote.swift */; };
		21707DBF22EA97D000F292B3 /* SessionStore.swift in Sources */ = {isa = PBXBuildFile; fileRef = 21707D7622E9B1D000F292B3 /* SessionStore.swift */; };
		21707DC222EA98E000F292B3 /* EntityAndPredicate.swift in Sources */ = {isa = PBXBuildFile; fileRef = 21707D8F22E9B1D600F292B3 /* EntityAndPredicate.swift */; };
		21707DC322EA98E000F292B3 /* ApplicationActiveStateObserver.swift in Sources */ = {isa = PBXBuildFile; fileRef = 21707D9122E9B1D600F292B3 /* ApplicationActiveStateObserver.swift */; };
		21707DC522EA98E000F292B3 /* CoreData+Sync.swift in Sources */ = {isa = PBXBuildFile; fileRef = 21707D8B22E9B1D600F292B3 /* CoreData+Sync.swift */; };
		21707DC622EA98E000F292B3 /* InProgressTracker.swift in Sources */ = {isa = PBXBuildFile; fileRef = 21707D8D22E9B1D600F292B3 /* InProgressTracker.swift */; };
		21707DCC22EAA21B00F292B3 /* Song.swift in Sources */ = {isa = PBXBuildFile; fileRef = 21707DCB22EAA21B00F292B3 /* Song.swift */; };
/* End PBXBuildFile section */

/* Begin PBXContainerItemProxy section */
		21707D4022E9AA6C00F292B3 /* PBXContainerItemProxy */ = {
			isa = PBXContainerItemProxy;
			containerPortal = 21707D1622E711C000F292B3 /* Project object */;
			proxyType = 1;
			remoteGlobalIDString = 21707D3A22E9AA6C00F292B3;
			remoteInfo = MusicUIKit;
		};
		21707D5222E9AA7B00F292B3 /* PBXContainerItemProxy */ = {
			isa = PBXContainerItemProxy;
			containerPortal = 21707D1622E711C000F292B3 /* Project object */;
			proxyType = 1;
			remoteGlobalIDString = 21707D4C22E9AA7A00F292B3;
			remoteInfo = MusicDataKit;
		};
		21707D6322E9AA8E00F292B3 /* PBXContainerItemProxy */ = {
			isa = PBXContainerItemProxy;
			containerPortal = 21707D1622E711C000F292B3 /* Project object */;
			proxyType = 1;
			remoteGlobalIDString = 21707D5D22E9AA8E00F292B3;
			remoteInfo = Music_iOS;
		};
/* End PBXContainerItemProxy section */

/* Begin PBXCopyFilesBuildPhase section */
		21707D4722E9AA6C00F292B3 /* Embed Frameworks */ = {
			isa = PBXCopyFilesBuildPhase;
			buildActionMask = 2147483647;
			dstPath = "";
			dstSubfolderSpec = 10;
			files = (
				21707D6622E9AA8E00F292B3 /* Music_iOS.framework in Embed Frameworks */,
				21707D4322E9AA6C00F292B3 /* MusicUIKit.framework in Embed Frameworks */,
				21707D5522E9AA7B00F292B3 /* MusicDataKit.framework in Embed Frameworks */,
			);
			name = "Embed Frameworks";
			runOnlyForDeploymentPostprocessing = 0;
		};
/* End PBXCopyFilesBuildPhase section */

/* Begin PBXFileReference section */
		21707D1E22E711C000F292B3 /* EnjoyMusic.app */ = {isa = PBXFileReference; explicitFileType = wrapper.application; includeInIndex = 0; path = EnjoyMusic.app; sourceTree = BUILT_PRODUCTS_DIR; };
		21707D2122E711C000F292B3 /* AppDelegate.swift */ = {isa = PBXFileReference; lastKnownFileType = sourcecode.swift; path = AppDelegate.swift; sourceTree = "<group>"; };
		21707D2322E711C000F292B3 /* ViewController.swift */ = {isa = PBXFileReference; lastKnownFileType = sourcecode.swift; path = ViewController.swift; sourceTree = "<group>"; };
		21707D2622E711C000F292B3 /* Base */ = {isa = PBXFileReference; lastKnownFileType = file.storyboard; name = Base; path = Base.lproj/Main.storyboard; sourceTree = "<group>"; };
		21707D2922E711C000F292B3 /* EnjoyMusic.xcdatamodel */ = {isa = PBXFileReference; lastKnownFileType = wrapper.xcdatamodel; path = EnjoyMusic.xcdatamodel; sourceTree = "<group>"; };
		21707D2B22E711C100F292B3 /* Assets.xcassets */ = {isa = PBXFileReference; lastKnownFileType = folder.assetcatalog; path = Assets.xcassets; sourceTree = "<group>"; };
		21707D2E22E711C100F292B3 /* Base */ = {isa = PBXFileReference; lastKnownFileType = file.storyboard; name = Base; path = Base.lproj/LaunchScreen.storyboard; sourceTree = "<group>"; };
		21707D3022E711C100F292B3 /* Info.plist */ = {isa = PBXFileReference; lastKnownFileType = text.plist.xml; path = Info.plist; sourceTree = "<group>"; };
		21707D3B22E9AA6C00F292B3 /* MusicUIKit.framework */ = {isa = PBXFileReference; explicitFileType = wrapper.framework; includeInIndex = 0; path = MusicUIKit.framework; sourceTree = BUILT_PRODUCTS_DIR; };
		21707D3D22E9AA6C00F292B3 /* MusicUIKit.h */ = {isa = PBXFileReference; lastKnownFileType = sourcecode.c.h; path = MusicUIKit.h; sourceTree = "<group>"; };
		21707D3E22E9AA6C00F292B3 /* Info.plist */ = {isa = PBXFileReference; lastKnownFileType = text.plist.xml; path = Info.plist; sourceTree = "<group>"; };
		21707D4D22E9AA7A00F292B3 /* MusicDataKit.framework */ = {isa = PBXFileReference; explicitFileType = wrapper.framework; includeInIndex = 0; path = MusicDataKit.framework; sourceTree = BUILT_PRODUCTS_DIR; };
		21707D4F22E9AA7B00F292B3 /* MusicDataKit.h */ = {isa = PBXFileReference; lastKnownFileType = sourcecode.c.h; path = MusicDataKit.h; sourceTree = "<group>"; };
		21707D5022E9AA7B00F292B3 /* Info.plist */ = {isa = PBXFileReference; lastKnownFileType = text.plist.xml; path = Info.plist; sourceTree = "<group>"; };
		21707D5E22E9AA8E00F292B3 /* Music_iOS.framework */ = {isa = PBXFileReference; explicitFileType = wrapper.framework; includeInIndex = 0; path = Music_iOS.framework; sourceTree = BUILT_PRODUCTS_DIR; };
		21707D6022E9AA8E00F292B3 /* Music_iOS.h */ = {isa = PBXFileReference; lastKnownFileType = sourcecode.c.h; path = Music_iOS.h; sourceTree = "<group>"; };
		21707D6122E9AA8E00F292B3 /* Info.plist */ = {isa = PBXFileReference; lastKnownFileType = text.plist.xml; path = Info.plist; sourceTree = "<group>"; };
		21707D6A22E9AB6C00F292B3 /* Cartfile */ = {isa = PBXFileReference; fileEncoding = 4; lastKnownFileType = text; path = Cartfile; sourceTree = "<group>"; };
		21707D6C22E9B1CD00F292B3 /* NSManangedObjectContext+Extensions.swift */ = {isa = PBXFileReference; lastKnownFileType = sourcecode.swift; path = "NSManangedObjectContext+Extensions.swift"; sourceTree = "<group>"; };
		21707D6E22E9B1CE00F292B3 /* Conversation.swift */ = {isa = PBXFileReference; lastKnownFileType = sourcecode.swift; path = Conversation.swift; sourceTree = "<group>"; };
		21707D7122E9B1CE00F292B3 /* NSManagedObjectContext+Observers.swift */ = {isa = PBXFileReference; lastKnownFileType = sourcecode.swift; path = "NSManagedObjectContext+Observers.swift"; sourceTree = "<group>"; };
		21707D7222E9B1CF00F292B3 /* Collection+CoreDataExtensions.swift */ = {isa = PBXFileReference; lastKnownFileType = sourcecode.swift; path = "Collection+CoreDataExtensions.swift"; sourceTree = "<group>"; };
		21707D7422E9B1D000F292B3 /* CloudRemote.swift */ = {isa = PBXFileReference; lastKnownFileType = sourcecode.swift; path = CloudRemote.swift; sourceTree = "<group>"; };
		21707D7622E9B1D000F292B3 /* SessionStore.swift */ = {isa = PBXFileReference; lastKnownFileType = sourcecode.swift; path = SessionStore.swift; sourceTree = "<group>"; };
		21707D7922E9B1D100F292B3 /* Utilities.swift */ = {isa = PBXFileReference; lastKnownFileType = sourcecode.swift; path = Utilities.swift; sourceTree = "<group>"; };
		21707D7A22E9B1D200F292B3 /* NSManagedObject+Extensions.swift */ = {isa = PBXFileReference; lastKnownFileType = sourcecode.swift; path = "NSManagedObject+Extensions.swift"; sourceTree = "<group>"; };
		21707D7B22E9B1D200F292B3 /* ModelVersion.swift */ = {isa = PBXFileReference; lastKnownFileType = sourcecode.swift; path = ModelVersion.swift; sourceTree = "<group>"; };
		21707D7C22E9B1D300F292B3 /* Migration.swift */ = {isa = PBXFileReference; lastKnownFileType = sourcecode.swift; path = Migration.swift; sourceTree = "<group>"; };
		21707D7D22E9B1D400F292B3 /* NSPersistentStoreCoordinator+Extensions.swift */ = {isa = PBXFileReference; lastKnownFileType = sourcecode.swift; path = "NSPersistentStoreCoordinator+Extensions.swift"; sourceTree = "<group>"; };
		21707D7F22E9B1D400F292B3 /* SyncContextOwner.swift */ = {isa = PBXFileReference; lastKnownFileType = sourcecode.swift; path = SyncContextOwner.swift; sourceTree = "<group>"; };
		21707D8022E9B1D400F292B3 /* ChangeProcessor.swift */ = {isa = PBXFileReference; lastKnownFileType = sourcecode.swift; path = ChangeProcessor.swift; sourceTree = "<group>"; };
		21707D8122E9B1D400F292B3 /* DataRemote.swift */ = {isa = PBXFileReference; lastKnownFileType = sourcecode.swift; path = DataRemote.swift; sourceTree = "<group>"; };
		21707D8222E9B1D400F292B3 /* SyncCoordinator.swift */ = {isa = PBXFileReference; lastKnownFileType = sourcecode.swift; path = SyncCoordinator.swift; sourceTree = "<group>"; };
		21707D8422E9B1D500F292B3 /* UserOwnable.swift */ = {isa = PBXFileReference; lastKnownFileType = sourcecode.swift; path = UserOwnable.swift; sourceTree = "<group>"; };
		21707D8522E9B1D500F292B3 /* RemoteDeletable.swift */ = {isa = PBXFileReference; lastKnownFileType = sourcecode.swift; path = RemoteDeletable.swift; sourceTree = "<group>"; };
		21707D8622E9B1D500F292B3 /* DeleyedDeletable.swift */ = {isa = PBXFileReference; lastKnownFileType = sourcecode.swift; path = DeleyedDeletable.swift; sourceTree = "<group>"; };
		21707D8722E9B1D500F292B3 /* Managed.swift */ = {isa = PBXFileReference; lastKnownFileType = sourcecode.swift; path = Managed.swift; sourceTree = "<group>"; };
		21707D8822E9B1D500F292B3 /* RemoteUploadable.swift */ = {isa = PBXFileReference; lastKnownFileType = sourcecode.swift; path = RemoteUploadable.swift; sourceTree = "<group>"; };
		21707D8922E9B1D600F292B3 /* ManagedObjectObserver.swift */ = {isa = PBXFileReference; lastKnownFileType = sourcecode.swift; path = ManagedObjectObserver.swift; sourceTree = "<group>"; };
		21707D8B22E9B1D600F292B3 /* CoreData+Sync.swift */ = {isa = PBXFileReference; lastKnownFileType = sourcecode.swift; path = "CoreData+Sync.swift"; sourceTree = "<group>"; };
		21707D8D22E9B1D600F292B3 /* InProgressTracker.swift */ = {isa = PBXFileReference; lastKnownFileType = sourcecode.swift; path = InProgressTracker.swift; sourceTree = "<group>"; };
		21707D8E22E9B1D600F292B3 /* NSManagedObject+Extension.swift */ = {isa = PBXFileReference; lastKnownFileType = sourcecode.swift; path = "NSManagedObject+Extension.swift"; sourceTree = "<group>"; };
		21707D8F22E9B1D600F292B3 /* EntityAndPredicate.swift */ = {isa = PBXFileReference; lastKnownFileType = sourcecode.swift; path = EntityAndPredicate.swift; sourceTree = "<group>"; };
		21707D9122E9B1D600F292B3 /* ApplicationActiveStateObserver.swift */ = {isa = PBXFileReference; lastKnownFileType = sourcecode.swift; path = ApplicationActiveStateObserver.swift; sourceTree = "<group>"; };
		21707D9322E9B1D700F292B3 /* DataUploader.swift */ = {isa = PBXFileReference; lastKnownFileType = sourcecode.swift; path = DataUploader.swift; sourceTree = "<group>"; };
		21707D9422E9B1D700F292B3 /* Data+Remote.swift */ = {isa = PBXFileReference; lastKnownFileType = sourcecode.swift; path = "Data+Remote.swift"; sourceTree = "<group>"; };
		21707D9522E9B1D700F292B3 /* DataDownloader.swift */ = {isa = PBXFileReference; lastKnownFileType = sourcecode.swift; path = DataDownloader.swift; sourceTree = "<group>"; };
		21707D9622E9B1D700F292B3 /* DataRemover.swift */ = {isa = PBXFileReference; lastKnownFileType = sourcecode.swift; path = DataRemover.swift; sourceTree = "<group>"; };
		21707DA222E9BA2F00F292B3 /* RxSwift.framework */ = {isa = PBXFileReference; lastKnownFileType = wrapper.framework; name = RxSwift.framework; path = Carthage/Build/iOS/RxSwift.framework; sourceTree = "<group>"; };
		21707DA322E9BA2F00F292B3 /* PromiseKit.framework */ = {isa = PBXFileReference; lastKnownFileType = wrapper.framework; name = PromiseKit.framework; path = Carthage/Build/iOS/PromiseKit.framework; sourceTree = "<group>"; };
		21707DA422E9BA2F00F292B3 /* Kingfisher.framework */ = {isa = PBXFileReference; lastKnownFileType = wrapper.framework; name = Kingfisher.framework; path = Carthage/Build/iOS/Kingfisher.framework; sourceTree = "<group>"; };
		21707DA522E9BA2F00F292B3 /* RxCocoa.framework */ = {isa = PBXFileReference; lastKnownFileType = wrapper.framework; name = RxCocoa.framework; path = Carthage/Build/iOS/RxCocoa.framework; sourceTree = "<group>"; };
		21707DAB22E9BB4E00F292B3 /* .gitignore */ = {isa = PBXFileReference; fileEncoding = 4; lastKnownFileType = text; path = .gitignore; sourceTree = "<group>"; };
		21707DCB22EAA21B00F292B3 /* Song.swift */ = {isa = PBXFileReference; lastKnownFileType = sourcecode.swift; path = Song.swift; sourceTree = "<group>"; };
/* End PBXFileReference section */

/* Begin PBXFrameworksBuildPhase section */
		21707D1B22E711C000F292B3 /* Frameworks */ = {
			isa = PBXFrameworksBuildPhase;
			buildActionMask = 2147483647;
			files = (
				21707D6522E9AA8E00F292B3 /* Music_iOS.framework in Frameworks */,
				21707D4222E9AA6C00F292B3 /* MusicUIKit.framework in Frameworks */,
				21707D5422E9AA7B00F292B3 /* MusicDataKit.framework in Frameworks */,
			);
			runOnlyForDeploymentPostprocessing = 0;
		};
		21707D3822E9AA6C00F292B3 /* Frameworks */ = {
			isa = PBXFrameworksBuildPhase;
			buildActionMask = 2147483647;
			files = (
			);
			runOnlyForDeploymentPostprocessing = 0;
		};
		21707D4A22E9AA7A00F292B3 /* Frameworks */ = {
			isa = PBXFrameworksBuildPhase;
			buildActionMask = 2147483647;
			files = (
			);
			runOnlyForDeploymentPostprocessing = 0;
		};
		21707D5B22E9AA8E00F292B3 /* Frameworks */ = {
			isa = PBXFrameworksBuildPhase;
			buildActionMask = 2147483647;
			files = (
			);
			runOnlyForDeploymentPostprocessing = 0;
		};
/* End PBXFrameworksBuildPhase section */

/* Begin PBXGroup section */
		21707D1522E711C000F292B3 = {
			isa = PBXGroup;
			children = (
				21707DAB22E9BB4E00F292B3 /* .gitignore */,
				21707D6A22E9AB6C00F292B3 /* Cartfile */,
				21707D2022E711C000F292B3 /* EnjoyMusic */,
				21707D3C22E9AA6C00F292B3 /* MusicUIKit */,
				21707D4E22E9AA7B00F292B3 /* MusicDataKit */,
				21707D5F22E9AA8E00F292B3 /* Music_iOS */,
				21707D1F22E711C000F292B3 /* Products */,
				21707DA122E9BA2F00F292B3 /* Frameworks */,
			);
			sourceTree = "<group>";
		};
		21707D1F22E711C000F292B3 /* Products */ = {
			isa = PBXGroup;
			children = (
				21707D1E22E711C000F292B3 /* EnjoyMusic.app */,
				21707D3B22E9AA6C00F292B3 /* MusicUIKit.framework */,
				21707D4D22E9AA7A00F292B3 /* MusicDataKit.framework */,
				21707D5E22E9AA8E00F292B3 /* Music_iOS.framework */,
			);
			name = Products;
			sourceTree = "<group>";
		};
		21707D2022E711C000F292B3 /* EnjoyMusic */ = {
			isa = PBXGroup;
			children = (
				21707D2122E711C000F292B3 /* AppDelegate.swift */,
				21707D2322E711C000F292B3 /* ViewController.swift */,
				21707D2522E711C000F292B3 /* Main.storyboard */,
				21707D2B22E711C100F292B3 /* Assets.xcassets */,
				21707D2D22E711C100F292B3 /* LaunchScreen.storyboard */,
				21707D3022E711C100F292B3 /* Info.plist */,
				21707D2822E711C000F292B3 /* EnjoyMusic.xcdatamodeld */,
			);
			path = EnjoyMusic;
			sourceTree = "<group>";
		};
		21707D3C22E9AA6C00F292B3 /* MusicUIKit */ = {
			isa = PBXGroup;
			children = (
				21707D3D22E9AA6C00F292B3 /* MusicUIKit.h */,
				21707D3E22E9AA6C00F292B3 /* Info.plist */,
			);
			path = MusicUIKit;
			sourceTree = "<group>";
		};
		21707D4E22E9AA7B00F292B3 /* MusicDataKit */ = {
			isa = PBXGroup;
			children = (
				21707D4F22E9AA7B00F292B3 /* MusicDataKit.h */,
				21707D5022E9AA7B00F292B3 /* Info.plist */,
				21707DB122EA94CB00F292B3 /* Extension */,
				21707D9222E9B1D700F292B3 /* ChangeProcessors */,
				21707D8A22E9B1D600F292B3 /* Helpers */,
				21707D8922E9B1D600F292B3 /* ManagedObjectObserver.swift */,
				21707D6D22E9B1CE00F292B3 /* MessageModel */,
				21707D7C22E9B1D300F292B3 /* Migration.swift */,
				21707D7122E9B1CE00F292B3 /* NSManagedObjectContext+Observers.swift */,
				21707D8322E9B1D500F292B3 /* Protocols */,
				21707D7322E9B1D000F292B3 /* Remote */,
				21707D7E22E9B1D400F292B3 /* Sync Engine */,
			);
			path = MusicDataKit;
			sourceTree = "<group>";
		};
		21707D5F22E9AA8E00F292B3 /* Music_iOS */ = {
			isa = PBXGroup;
			children = (
				21707D6022E9AA8E00F292B3 /* Music_iOS.h */,
				21707D6122E9AA8E00F292B3 /* Info.plist */,
			);
			path = Music_iOS;
			sourceTree = "<group>";
		};
		21707D6D22E9B1CE00F292B3 /* MessageModel */ = {
			isa = PBXGroup;
			children = (
				21707D6E22E9B1CE00F292B3 /* Conversation.swift */,
				21707D7B22E9B1D200F292B3 /* ModelVersion.swift */,
				21707DCB22EAA21B00F292B3 /* Song.swift */,
				21707D8822E9B1D500F292B3 /* RemoteUploadable.swift */,
			);
			path = MessageModel;
			sourceTree = "<group>";
		};
		21707D7322E9B1D000F292B3 /* Remote */ = {
			isa = PBXGroup;
			children = (
				21707D7422E9B1D000F292B3 /* CloudRemote.swift */,
				21707D7522E9B1D000F292B3 /* RemoteTool */,
			);
			path = Remote;
			sourceTree = "<group>";
		};
		21707D7522E9B1D000F292B3 /* RemoteTool */ = {
			isa = PBXGroup;
			children = (
				21707D7622E9B1D000F292B3 /* SessionStore.swift */,
			);
			path = RemoteTool;
			sourceTree = "<group>";
		};
		21707D7E22E9B1D400F292B3 /* Sync Engine */ = {
			isa = PBXGroup;
			children = (
				21707D7F22E9B1D400F292B3 /* SyncContextOwner.swift */,
				21707D8022E9B1D400F292B3 /* ChangeProcessor.swift */,
				21707D8222E9B1D400F292B3 /* SyncCoordinator.swift */,
			);
			path = "Sync Engine";
			sourceTree = "<group>";
		};
		21707D8322E9B1D500F292B3 /* Protocols */ = {
			isa = PBXGroup;
			children = (
				21707D8122E9B1D400F292B3 /* DataRemote.swift */,
				21707D8722E9B1D500F292B3 /* Managed.swift */,
				21707D8422E9B1D500F292B3 /* UserOwnable.swift */,
				21707D8522E9B1D500F292B3 /* RemoteDeletable.swift */,
				21707D8622E9B1D500F292B3 /* DeleyedDeletable.swift */,
			);
			path = Protocols;
			sourceTree = "<group>";
		};
		21707D8A22E9B1D600F292B3 /* Helpers */ = {
			isa = PBXGroup;
			children = (
				21707D8B22E9B1D600F292B3 /* CoreData+Sync.swift */,
				21707D8D22E9B1D600F292B3 /* InProgressTracker.swift */,
				21707D8F22E9B1D600F292B3 /* EntityAndPredicate.swift */,
				21707D9122E9B1D600F292B3 /* ApplicationActiveStateObserver.swift */,
			);
			path = Helpers;
			sourceTree = "<group>";
		};
		21707D9222E9B1D700F292B3 /* ChangeProcessors */ = {
			isa = PBXGroup;
			children = (
				21707D9322E9B1D700F292B3 /* DataUploader.swift */,
				21707D9522E9B1D700F292B3 /* DataDownloader.swift */,
				21707D9622E9B1D700F292B3 /* DataRemover.swift */,
				21707D9422E9B1D700F292B3 /* Data+Remote.swift */,
			);
			path = ChangeProcessors;
			sourceTree = "<group>";
		};
		21707DA122E9BA2F00F292B3 /* Frameworks */ = {
			isa = PBXGroup;
			children = (
				21707DA422E9BA2F00F292B3 /* Kingfisher.framework */,
				21707DA322E9BA2F00F292B3 /* PromiseKit.framework */,
				21707DA522E9BA2F00F292B3 /* RxCocoa.framework */,
				21707DA222E9BA2F00F292B3 /* RxSwift.framework */,
			);
			name = Frameworks;
			sourceTree = "<group>";
		};
		21707DB122EA94CB00F292B3 /* Extension */ = {
			isa = PBXGroup;
			children = (
				21707D8E22E9B1D600F292B3 /* NSManagedObject+Extension.swift */,
				21707D7222E9B1CF00F292B3 /* Collection+CoreDataExtensions.swift */,
				21707D7A22E9B1D200F292B3 /* NSManagedObject+Extensions.swift */,
				21707D6C22E9B1CD00F292B3 /* NSManangedObjectContext+Extensions.swift */,
				21707D7D22E9B1D400F292B3 /* NSPersistentStoreCoordinator+Extensions.swift */,
				21707D7922E9B1D100F292B3 /* Utilities.swift */,
			);
			path = Extension;
			sourceTree = "<group>";
		};
/* End PBXGroup section */

/* Begin PBXHeadersBuildPhase section */
		21707D3622E9AA6C00F292B3 /* Headers */ = {
			isa = PBXHeadersBuildPhase;
			buildActionMask = 2147483647;
			files = (
				21707D3F22E9AA6C00F292B3 /* MusicUIKit.h in Headers */,
			);
			runOnlyForDeploymentPostprocessing = 0;
		};
		21707D4822E9AA7A00F292B3 /* Headers */ = {
			isa = PBXHeadersBuildPhase;
			buildActionMask = 2147483647;
			files = (
				21707D5122E9AA7B00F292B3 /* MusicDataKit.h in Headers */,
			);
			runOnlyForDeploymentPostprocessing = 0;
		};
		21707D5922E9AA8E00F292B3 /* Headers */ = {
			isa = PBXHeadersBuildPhase;
			buildActionMask = 2147483647;
			files = (
				21707D6222E9AA8E00F292B3 /* Music_iOS.h in Headers */,
			);
			runOnlyForDeploymentPostprocessing = 0;
		};
/* End PBXHeadersBuildPhase section */

/* Begin PBXNativeTarget section */
		21707D1D22E711C000F292B3 /* EnjoyMusic */ = {
			isa = PBXNativeTarget;
			buildConfigurationList = 21707D3322E711C100F292B3 /* Build configuration list for PBXNativeTarget "EnjoyMusic" */;
			buildPhases = (
				21707D1A22E711C000F292B3 /* Sources */,
				21707D1B22E711C000F292B3 /* Frameworks */,
				21707D1C22E711C000F292B3 /* Resources */,
				21707D4722E9AA6C00F292B3 /* Embed Frameworks */,
			);
			buildRules = (
			);
			dependencies = (
				21707D4122E9AA6C00F292B3 /* PBXTargetDependency */,
				21707D5322E9AA7B00F292B3 /* PBXTargetDependency */,
				21707D6422E9AA8E00F292B3 /* PBXTargetDependency */,
			);
			name = EnjoyMusic;
			productName = EnjoyMusic;
			productReference = 21707D1E22E711C000F292B3 /* EnjoyMusic.app */;
			productType = "com.apple.product-type.application";
		};
		21707D3A22E9AA6C00F292B3 /* MusicUIKit */ = {
			isa = PBXNativeTarget;
			buildConfigurationList = 21707D4622E9AA6C00F292B3 /* Build configuration list for PBXNativeTarget "MusicUIKit" */;
			buildPhases = (
				21707D3622E9AA6C00F292B3 /* Headers */,
				21707D3722E9AA6C00F292B3 /* Sources */,
				21707D3822E9AA6C00F292B3 /* Frameworks */,
				21707D3922E9AA6C00F292B3 /* Resources */,
			);
			buildRules = (
			);
			dependencies = (
			);
			name = MusicUIKit;
			productName = MusicUIKit;
			productReference = 21707D3B22E9AA6C00F292B3 /* MusicUIKit.framework */;
			productType = "com.apple.product-type.framework";
		};
		21707D4C22E9AA7A00F292B3 /* MusicDataKit */ = {
			isa = PBXNativeTarget;
			buildConfigurationList = 21707D5622E9AA7B00F292B3 /* Build configuration list for PBXNativeTarget "MusicDataKit" */;
			buildPhases = (
				21707D4822E9AA7A00F292B3 /* Headers */,
				21707D4922E9AA7A00F292B3 /* Sources */,
				21707D4A22E9AA7A00F292B3 /* Frameworks */,
				21707D4B22E9AA7A00F292B3 /* Resources */,
			);
			buildRules = (
			);
			dependencies = (
			);
			name = MusicDataKit;
			productName = MusicDataKit;
			productReference = 21707D4D22E9AA7A00F292B3 /* MusicDataKit.framework */;
			productType = "com.apple.product-type.framework";
		};
		21707D5D22E9AA8E00F292B3 /* Music_iOS */ = {
			isa = PBXNativeTarget;
			buildConfigurationList = 21707D6722E9AA8E00F292B3 /* Build configuration list for PBXNativeTarget "Music_iOS" */;
			buildPhases = (
				21707D5922E9AA8E00F292B3 /* Headers */,
				21707D5A22E9AA8E00F292B3 /* Sources */,
				21707D5B22E9AA8E00F292B3 /* Frameworks */,
				21707D5C22E9AA8E00F292B3 /* Resources */,
			);
			buildRules = (
			);
			dependencies = (
			);
			name = Music_iOS;
			productName = Music_iOS;
			productReference = 21707D5E22E9AA8E00F292B3 /* Music_iOS.framework */;
			productType = "com.apple.product-type.framework";
		};
/* End PBXNativeTarget section */

/* Begin PBXProject section */
		21707D1622E711C000F292B3 /* Project object */ = {
			isa = PBXProject;
			attributes = {
				LastSwiftUpdateCheck = 1020;
				LastUpgradeCheck = 1020;
				ORGANIZATIONNAME = "Leo Qin";
				TargetAttributes = {
					21707D1D22E711C000F292B3 = {
						CreatedOnToolsVersion = 10.2.1;
					};
					21707D3A22E9AA6C00F292B3 = {
						CreatedOnToolsVersion = 10.2.1;
					};
					21707D4C22E9AA7A00F292B3 = {
						CreatedOnToolsVersion = 10.2.1;
					};
					21707D5D22E9AA8E00F292B3 = {
						CreatedOnToolsVersion = 10.2.1;
					};
				};
			};
			buildConfigurationList = 21707D1922E711C000F292B3 /* Build configuration list for PBXProject "EnjoyMusic" */;
			compatibilityVersion = "Xcode 9.3";
			developmentRegion = en;
			hasScannedForEncodings = 0;
			knownRegions = (
				en,
				Base,
			);
			mainGroup = 21707D1522E711C000F292B3;
			productRefGroup = 21707D1F22E711C000F292B3 /* Products */;
			projectDirPath = "";
			projectRoot = "";
			targets = (
				21707D1D22E711C000F292B3 /* EnjoyMusic */,
				21707D3A22E9AA6C00F292B3 /* MusicUIKit */,
				21707D4C22E9AA7A00F292B3 /* MusicDataKit */,
				21707D5D22E9AA8E00F292B3 /* Music_iOS */,
			);
		};
/* End PBXProject section */

/* Begin PBXResourcesBuildPhase section */
		21707D1C22E711C000F292B3 /* Resources */ = {
			isa = PBXResourcesBuildPhase;
			buildActionMask = 2147483647;
			files = (
				21707DAC22E9BB4F00F292B3 /* .gitignore in Resources */,
				21707D2F22E711C100F292B3 /* LaunchScreen.storyboard in Resources */,
				21707D2C22E711C100F292B3 /* Assets.xcassets in Resources */,
				21707D6B22E9AB6D00F292B3 /* Cartfile in Resources */,
				21707D2722E711C000F292B3 /* Main.storyboard in Resources */,
			);
			runOnlyForDeploymentPostprocessing = 0;
		};
		21707D3922E9AA6C00F292B3 /* Resources */ = {
			isa = PBXResourcesBuildPhase;
			buildActionMask = 2147483647;
			files = (
			);
			runOnlyForDeploymentPostprocessing = 0;
		};
		21707D4B22E9AA7A00F292B3 /* Resources */ = {
			isa = PBXResourcesBuildPhase;
			buildActionMask = 2147483647;
			files = (
			);
			runOnlyForDeploymentPostprocessing = 0;
		};
		21707D5C22E9AA8E00F292B3 /* Resources */ = {
			isa = PBXResourcesBuildPhase;
			buildActionMask = 2147483647;
			files = (
			);
			runOnlyForDeploymentPostprocessing = 0;
		};
/* End PBXResourcesBuildPhase section */

/* Begin PBXSourcesBuildPhase section */
		21707D1A22E711C000F292B3 /* Sources */ = {
			isa = PBXSourcesBuildPhase;
			buildActionMask = 2147483647;
			files = (
				21707D2A22E711C000F292B3 /* EnjoyMusic.xcdatamodeld in Sources */,
				21707D2422E711C000F292B3 /* ViewController.swift in Sources */,
				21707D2222E711C000F292B3 /* AppDelegate.swift in Sources */,
			);
			runOnlyForDeploymentPostprocessing = 0;
		};
		21707D3722E9AA6C00F292B3 /* Sources */ = {
			isa = PBXSourcesBuildPhase;
			buildActionMask = 2147483647;
			files = (
			);
			runOnlyForDeploymentPostprocessing = 0;
		};
		21707D4922E9AA7A00F292B3 /* Sources */ = {
			isa = PBXSourcesBuildPhase;
			buildActionMask = 2147483647;
			files = (
				21707D9A22E9B1D700F292B3 /* Migration.swift in Sources */,
				21707D9D22E9B1D700F292B3 /* NSManagedObjectContext+Observers.swift in Sources */,
				21707DAE22EA930200F292B3 /* ChangeProcessor.swift in Sources */,
				21707D9822E9B1D700F292B3 /* Collection+CoreDataExtensions.swift in Sources */,
				21707DAD22EA92AD00F292B3 /* DataUploader.swift in Sources */,
				21707DBB22EA977200F292B3 /* RemoteDeletable.swift in Sources */,
				21707DAF22EA93C100F292B3 /* DataDownloader.swift in Sources */,
				21707D9922E9B1D700F292B3 /* NSManagedObject+Extensions.swift in Sources */,
				21707DB422EA965200F292B3 /* SyncCoordinator.swift in Sources */,
				21707D9722E9B1D700F292B3 /* NSPersistentStoreCoordinator+Extensions.swift in Sources */,
				21707DBA22EA977200F292B3 /* UserOwnable.swift in Sources */,
				21707D9C22E9B1D700F292B3 /* ModelVersion.swift in Sources */,
				21707DC222EA98E000F292B3 /* EntityAndPredicate.swift in Sources */,
				21707DCC22EAA21B00F292B3 /* Song.swift in Sources */,
				21707DB522EA965500F292B3 /* SyncContextOwner.swift in Sources */,
				21707DB622EA969F00F292B3 /* RemoteUploadable.swift in Sources */,
				21707D9F22E9B1D700F292B3 /* Utilities.swift in Sources */,
				21707DB022EA941A00F292B3 /* DataRemover.swift in Sources */,
				21707D9E22E9B1D700F292B3 /* NSManangedObjectContext+Extensions.swift in Sources */,
				21707DBC22EA977200F292B3 /* DeleyedDeletable.swift in Sources */,
				21707DBD22EA979100F292B3 /* CloudRemote.swift in Sources */,
				21707DB222EA959100F292B3 /* NSManagedObject+Extension.swift in Sources */,
				21707DC622EA98E000F292B3 /* InProgressTracker.swift in Sources */,
				21707DC322EA98E000F292B3 /* ApplicationActiveStateObserver.swift in Sources */,
				21707DBF22EA97D000F292B3 /* SessionStore.swift in Sources */,
				21707D9B22E9B1D700F292B3 /* ManagedObjectObserver.swift in Sources */,
				21707DB822EA973700F292B3 /* Conversation.swift in Sources */,
				21707DC522EA98E000F292B3 /* CoreData+Sync.swift in Sources */,
				21707DA022E9B32B00F292B3 /* Managed.swift in Sources */,
				21707DB322EA962F00F292B3 /* DataRemote.swift in Sources */,
			);
			runOnlyForDeploymentPostprocessing = 0;
		};
		21707D5A22E9AA8E00F292B3 /* Sources */ = {
			isa = PBXSourcesBuildPhase;
			buildActionMask = 2147483647;
			files = (
			);
			runOnlyForDeploymentPostprocessing = 0;
		};
/* End PBXSourcesBuildPhase section */

/* Begin PBXTargetDependency section */
		21707D4122E9AA6C00F292B3 /* PBXTargetDependency */ = {
			isa = PBXTargetDependency;
			target = 21707D3A22E9AA6C00F292B3 /* MusicUIKit */;
			targetProxy = 21707D4022E9AA6C00F292B3 /* PBXContainerItemProxy */;
		};
		21707D5322E9AA7B00F292B3 /* PBXTargetDependency */ = {
			isa = PBXTargetDependency;
			target = 21707D4C22E9AA7A00F292B3 /* MusicDataKit */;
			targetProxy = 21707D5222E9AA7B00F292B3 /* PBXContainerItemProxy */;
		};
		21707D6422E9AA8E00F292B3 /* PBXTargetDependency */ = {
			isa = PBXTargetDependency;
			target = 21707D5D22E9AA8E00F292B3 /* Music_iOS */;
			targetProxy = 21707D6322E9AA8E00F292B3 /* PBXContainerItemProxy */;
		};
/* End PBXTargetDependency section */

/* Begin PBXVariantGroup section */
		21707D2522E711C000F292B3 /* Main.storyboard */ = {
			isa = PBXVariantGroup;
			children = (
				21707D2622E711C000F292B3 /* Base */,
			);
			name = Main.storyboard;
			sourceTree = "<group>";
		};
		21707D2D22E711C100F292B3 /* LaunchScreen.storyboard */ = {
			isa = PBXVariantGroup;
			children = (
				21707D2E22E711C100F292B3 /* Base */,
			);
			name = LaunchScreen.storyboard;
			sourceTree = "<group>";
		};
/* End PBXVariantGroup section */

/* Begin XCBuildConfiguration section */
		21707D3122E711C100F292B3 /* Debug */ = {
			isa = XCBuildConfiguration;
			buildSettings = {
				ALWAYS_SEARCH_USER_PATHS = NO;
				CLANG_ANALYZER_NONNULL = YES;
				CLANG_ANALYZER_NUMBER_OBJECT_CONVERSION = YES_AGGRESSIVE;
				CLANG_CXX_LANGUAGE_STANDARD = "gnu++14";
				CLANG_CXX_LIBRARY = "libc++";
				CLANG_ENABLE_MODULES = YES;
				CLANG_ENABLE_OBJC_ARC = YES;
				CLANG_ENABLE_OBJC_WEAK = YES;
				CLANG_WARN_BLOCK_CAPTURE_AUTORELEASING = YES;
				CLANG_WARN_BOOL_CONVERSION = YES;
				CLANG_WARN_COMMA = YES;
				CLANG_WARN_CONSTANT_CONVERSION = YES;
				CLANG_WARN_DEPRECATED_OBJC_IMPLEMENTATIONS = YES;
				CLANG_WARN_DIRECT_OBJC_ISA_USAGE = YES_ERROR;
				CLANG_WARN_DOCUMENTATION_COMMENTS = YES;
				CLANG_WARN_EMPTY_BODY = YES;
				CLANG_WARN_ENUM_CONVERSION = YES;
				CLANG_WARN_INFINITE_RECURSION = YES;
				CLANG_WARN_INT_CONVERSION = YES;
				CLANG_WARN_NON_LITERAL_NULL_CONVERSION = YES;
				CLANG_WARN_OBJC_IMPLICIT_RETAIN_SELF = YES;
				CLANG_WARN_OBJC_LITERAL_CONVERSION = YES;
				CLANG_WARN_OBJC_ROOT_CLASS = YES_ERROR;
				CLANG_WARN_RANGE_LOOP_ANALYSIS = YES;
				CLANG_WARN_STRICT_PROTOTYPES = YES;
				CLANG_WARN_SUSPICIOUS_MOVE = YES;
				CLANG_WARN_UNGUARDED_AVAILABILITY = YES_AGGRESSIVE;
				CLANG_WARN_UNREACHABLE_CODE = YES;
				CLANG_WARN__DUPLICATE_METHOD_MATCH = YES;
				CODE_SIGN_IDENTITY = "iPhone Developer";
				COPY_PHASE_STRIP = NO;
				DEBUG_INFORMATION_FORMAT = dwarf;
				ENABLE_STRICT_OBJC_MSGSEND = YES;
				ENABLE_TESTABILITY = YES;
				GCC_C_LANGUAGE_STANDARD = gnu11;
				GCC_DYNAMIC_NO_PIC = NO;
				GCC_NO_COMMON_BLOCKS = YES;
				GCC_OPTIMIZATION_LEVEL = 0;
				GCC_PREPROCESSOR_DEFINITIONS = (
					"DEBUG=1",
					"$(inherited)",
				);
				GCC_WARN_64_TO_32_BIT_CONVERSION = YES;
				GCC_WARN_ABOUT_RETURN_TYPE = YES_ERROR;
				GCC_WARN_UNDECLARED_SELECTOR = YES;
				GCC_WARN_UNINITIALIZED_AUTOS = YES_AGGRESSIVE;
				GCC_WARN_UNUSED_FUNCTION = YES;
				GCC_WARN_UNUSED_VARIABLE = YES;
				IPHONEOS_DEPLOYMENT_TARGET = 12.2;
				MTL_ENABLE_DEBUG_INFO = INCLUDE_SOURCE;
				MTL_FAST_MATH = YES;
				ONLY_ACTIVE_ARCH = YES;
				SDKROOT = iphoneos;
				SWIFT_ACTIVE_COMPILATION_CONDITIONS = DEBUG;
				SWIFT_OPTIMIZATION_LEVEL = "-Onone";
			};
			name = Debug;
		};
		21707D3222E711C100F292B3 /* Release */ = {
			isa = XCBuildConfiguration;
			buildSettings = {
				ALWAYS_SEARCH_USER_PATHS = NO;
				CLANG_ANALYZER_NONNULL = YES;
				CLANG_ANALYZER_NUMBER_OBJECT_CONVERSION = YES_AGGRESSIVE;
				CLANG_CXX_LANGUAGE_STANDARD = "gnu++14";
				CLANG_CXX_LIBRARY = "libc++";
				CLANG_ENABLE_MODULES = YES;
				CLANG_ENABLE_OBJC_ARC = YES;
				CLANG_ENABLE_OBJC_WEAK = YES;
				CLANG_WARN_BLOCK_CAPTURE_AUTORELEASING = YES;
				CLANG_WARN_BOOL_CONVERSION = YES;
				CLANG_WARN_COMMA = YES;
				CLANG_WARN_CONSTANT_CONVERSION = YES;
				CLANG_WARN_DEPRECATED_OBJC_IMPLEMENTATIONS = YES;
				CLANG_WARN_DIRECT_OBJC_ISA_USAGE = YES_ERROR;
				CLANG_WARN_DOCUMENTATION_COMMENTS = YES;
				CLANG_WARN_EMPTY_BODY = YES;
				CLANG_WARN_ENUM_CONVERSION = YES;
				CLANG_WARN_INFINITE_RECURSION = YES;
				CLANG_WARN_INT_CONVERSION = YES;
				CLANG_WARN_NON_LITERAL_NULL_CONVERSION = YES;
				CLANG_WARN_OBJC_IMPLICIT_RETAIN_SELF = YES;
				CLANG_WARN_OBJC_LITERAL_CONVERSION = YES;
				CLANG_WARN_OBJC_ROOT_CLASS = YES_ERROR;
				CLANG_WARN_RANGE_LOOP_ANALYSIS = YES;
				CLANG_WARN_STRICT_PROTOTYPES = YES;
				CLANG_WARN_SUSPICIOUS_MOVE = YES;
				CLANG_WARN_UNGUARDED_AVAILABILITY = YES_AGGRESSIVE;
				CLANG_WARN_UNREACHABLE_CODE = YES;
				CLANG_WARN__DUPLICATE_METHOD_MATCH = YES;
				CODE_SIGN_IDENTITY = "iPhone Developer";
				COPY_PHASE_STRIP = NO;
				DEBUG_INFORMATION_FORMAT = "dwarf-with-dsym";
				ENABLE_NS_ASSERTIONS = NO;
				ENABLE_STRICT_OBJC_MSGSEND = YES;
				GCC_C_LANGUAGE_STANDARD = gnu11;
				GCC_NO_COMMON_BLOCKS = YES;
				GCC_WARN_64_TO_32_BIT_CONVERSION = YES;
				GCC_WARN_ABOUT_RETURN_TYPE = YES_ERROR;
				GCC_WARN_UNDECLARED_SELECTOR = YES;
				GCC_WARN_UNINITIALIZED_AUTOS = YES_AGGRESSIVE;
				GCC_WARN_UNUSED_FUNCTION = YES;
				GCC_WARN_UNUSED_VARIABLE = YES;
				IPHONEOS_DEPLOYMENT_TARGET = 12.2;
				MTL_ENABLE_DEBUG_INFO = NO;
				MTL_FAST_MATH = YES;
				SDKROOT = iphoneos;
				SWIFT_COMPILATION_MODE = wholemodule;
				SWIFT_OPTIMIZATION_LEVEL = "-O";
				VALIDATE_PRODUCT = YES;
			};
			name = Release;
		};
		21707D3422E711C100F292B3 /* Debug */ = {
			isa = XCBuildConfiguration;
			buildSettings = {
				ALWAYS_EMBED_SWIFT_STANDARD_LIBRARIES = YES;
				ASSETCATALOG_COMPILER_APPICON_NAME = AppIcon;
				CODE_SIGN_STYLE = Automatic;
				DEVELOPMENT_TEAM = 49QL38VYXX;
				FRAMEWORK_SEARCH_PATHS = (
					"$(inherited)",
					"$(PROJECT_DIR)/Carthage/Build/iOS",
				);
				INFOPLIST_FILE = EnjoyMusic/Info.plist;
				IPHONEOS_DEPLOYMENT_TARGET = 12.0;
				LD_RUNPATH_SEARCH_PATHS = (
					"$(inherited)",
					"@executable_path/Frameworks",
				);
				PRODUCT_BUNDLE_IDENTIFIER = com.leoqin.www.EnjoyMusic;
				PRODUCT_NAME = "$(TARGET_NAME)";
				SWIFT_VERSION = 5.0;
				TARGETED_DEVICE_FAMILY = 1;
			};
			name = Debug;
		};
		21707D3522E711C100F292B3 /* Release */ = {
			isa = XCBuildConfiguration;
			buildSettings = {
				ALWAYS_EMBED_SWIFT_STANDARD_LIBRARIES = YES;
				ASSETCATALOG_COMPILER_APPICON_NAME = AppIcon;
				CODE_SIGN_STYLE = Automatic;
				DEVELOPMENT_TEAM = 49QL38VYXX;
				FRAMEWORK_SEARCH_PATHS = (
					"$(inherited)",
					"$(PROJECT_DIR)/Carthage/Build/iOS",
				);
				INFOPLIST_FILE = EnjoyMusic/Info.plist;
				IPHONEOS_DEPLOYMENT_TARGET = 12.0;
				LD_RUNPATH_SEARCH_PATHS = (
					"$(inherited)",
					"@executable_path/Frameworks",
				);
				PRODUCT_BUNDLE_IDENTIFIER = com.leoqin.www.EnjoyMusic;
				PRODUCT_NAME = "$(TARGET_NAME)";
				SWIFT_VERSION = 5.0;
				TARGETED_DEVICE_FAMILY = 1;
			};
			name = Release;
		};
		21707D4422E9AA6C00F292B3 /* Debug */ = {
			isa = XCBuildConfiguration;
			buildSettings = {
				CODE_SIGN_IDENTITY = "";
				CODE_SIGN_STYLE = Automatic;
				CURRENT_PROJECT_VERSION = 1;
				DEFINES_MODULE = YES;
				DEVELOPMENT_TEAM = 49QL38VYXX;
				DYLIB_COMPATIBILITY_VERSION = 1;
				DYLIB_CURRENT_VERSION = 1;
				DYLIB_INSTALL_NAME_BASE = "@rpath";
				INFOPLIST_FILE = MusicUIKit/Info.plist;
				INSTALL_PATH = "$(LOCAL_LIBRARY_DIR)/Frameworks";
				LD_RUNPATH_SEARCH_PATHS = (
					"$(inherited)",
					"@executable_path/Frameworks",
					"@loader_path/Frameworks",
				);
				PRODUCT_BUNDLE_IDENTIFIER = com.leoqin.www.MusicUIKit;
				PRODUCT_NAME = "$(TARGET_NAME:c99extidentifier)";
				SKIP_INSTALL = YES;
				SWIFT_VERSION = 5.0;
				TARGETED_DEVICE_FAMILY = "1,2";
				VERSIONING_SYSTEM = "apple-generic";
				VERSION_INFO_PREFIX = "";
			};
			name = Debug;
		};
		21707D4522E9AA6C00F292B3 /* Release */ = {
			isa = XCBuildConfiguration;
			buildSettings = {
				CODE_SIGN_IDENTITY = "";
				CODE_SIGN_STYLE = Automatic;
				CURRENT_PROJECT_VERSION = 1;
				DEFINES_MODULE = YES;
				DEVELOPMENT_TEAM = 49QL38VYXX;
				DYLIB_COMPATIBILITY_VERSION = 1;
				DYLIB_CURRENT_VERSION = 1;
				DYLIB_INSTALL_NAME_BASE = "@rpath";
				INFOPLIST_FILE = MusicUIKit/Info.plist;
				INSTALL_PATH = "$(LOCAL_LIBRARY_DIR)/Frameworks";
				LD_RUNPATH_SEARCH_PATHS = (
					"$(inherited)",
					"@executable_path/Frameworks",
					"@loader_path/Frameworks",
				);
				PRODUCT_BUNDLE_IDENTIFIER = com.leoqin.www.MusicUIKit;
				PRODUCT_NAME = "$(TARGET_NAME:c99extidentifier)";
				SKIP_INSTALL = YES;
				SWIFT_VERSION = 5.0;
				TARGETED_DEVICE_FAMILY = "1,2";
				VERSIONING_SYSTEM = "apple-generic";
				VERSION_INFO_PREFIX = "";
			};
			name = Release;
		};
		21707D5722E9AA7B00F292B3 /* Debug */ = {
			isa = XCBuildConfiguration;
			buildSettings = {
				CODE_SIGN_IDENTITY = "";
				CODE_SIGN_STYLE = Automatic;
				CURRENT_PROJECT_VERSION = 1;
				DEFINES_MODULE = YES;
				DEVELOPMENT_TEAM = 49QL38VYXX;
				DYLIB_COMPATIBILITY_VERSION = 1;
				DYLIB_CURRENT_VERSION = 1;
				DYLIB_INSTALL_NAME_BASE = "@rpath";
				INFOPLIST_FILE = MusicDataKit/Info.plist;
				INSTALL_PATH = "$(LOCAL_LIBRARY_DIR)/Frameworks";
				LD_RUNPATH_SEARCH_PATHS = (
					"$(inherited)",
					"@executable_path/Frameworks",
					"@loader_path/Frameworks",
				);
				PRODUCT_BUNDLE_IDENTIFIER = com.leoqin.www.MusicDataKit;
				PRODUCT_NAME = "$(TARGET_NAME:c99extidentifier)";
				SKIP_INSTALL = YES;
				SWIFT_VERSION = 5.0;
				TARGETED_DEVICE_FAMILY = "1,2";
				VERSIONING_SYSTEM = "apple-generic";
				VERSION_INFO_PREFIX = "";
			};
			name = Debug;
		};
		21707D5822E9AA7B00F292B3 /* Release */ = {
			isa = XCBuildConfiguration;
			buildSettings = {
				CODE_SIGN_IDENTITY = "";
				CODE_SIGN_STYLE = Automatic;
				CURRENT_PROJECT_VERSION = 1;
				DEFINES_MODULE = YES;
				DEVELOPMENT_TEAM = 49QL38VYXX;
				DYLIB_COMPATIBILITY_VERSION = 1;
				DYLIB_CURRENT_VERSION = 1;
				DYLIB_INSTALL_NAME_BASE = "@rpath";
				INFOPLIST_FILE = MusicDataKit/Info.plist;
				INSTALL_PATH = "$(LOCAL_LIBRARY_DIR)/Frameworks";
				LD_RUNPATH_SEARCH_PATHS = (
					"$(inherited)",
					"@executable_path/Frameworks",
					"@loader_path/Frameworks",
				);
				PRODUCT_BUNDLE_IDENTIFIER = com.leoqin.www.MusicDataKit;
				PRODUCT_NAME = "$(TARGET_NAME:c99extidentifier)";
				SKIP_INSTALL = YES;
				SWIFT_VERSION = 5.0;
				TARGETED_DEVICE_FAMILY = "1,2";
				VERSIONING_SYSTEM = "apple-generic";
				VERSION_INFO_PREFIX = "";
			};
			name = Release;
		};
		21707D6822E9AA8E00F292B3 /* Debug */ = {
			isa = XCBuildConfiguration;
			buildSettings = {
				CODE_SIGN_IDENTITY = "";
				CODE_SIGN_STYLE = Automatic;
				CURRENT_PROJECT_VERSION = 1;
				DEFINES_MODULE = YES;
				DEVELOPMENT_TEAM = 49QL38VYXX;
				DYLIB_COMPATIBILITY_VERSION = 1;
				DYLIB_CURRENT_VERSION = 1;
				DYLIB_INSTALL_NAME_BASE = "@rpath";
				INFOPLIST_FILE = Music_iOS/Info.plist;
				INSTALL_PATH = "$(LOCAL_LIBRARY_DIR)/Frameworks";
				LD_RUNPATH_SEARCH_PATHS = (
					"$(inherited)",
					"@executable_path/Frameworks",
					"@loader_path/Frameworks",
				);
				PRODUCT_BUNDLE_IDENTIFIER = "com.leoqin.www.Music-iOS";
				PRODUCT_NAME = "$(TARGET_NAME:c99extidentifier)";
				SKIP_INSTALL = YES;
				SWIFT_VERSION = 5.0;
				TARGETED_DEVICE_FAMILY = "1,2";
				VERSIONING_SYSTEM = "apple-generic";
				VERSION_INFO_PREFIX = "";
			};
			name = Debug;
		};
		21707D6922E9AA8E00F292B3 /* Release */ = {
			isa = XCBuildConfiguration;
			buildSettings = {
				CODE_SIGN_IDENTITY = "";
				CODE_SIGN_STYLE = Automatic;
				CURRENT_PROJECT_VERSION = 1;
				DEFINES_MODULE = YES;
				DEVELOPMENT_TEAM = 49QL38VYXX;
				DYLIB_COMPATIBILITY_VERSION = 1;
				DYLIB_CURRENT_VERSION = 1;
				DYLIB_INSTALL_NAME_BASE = "@rpath";
				INFOPLIST_FILE = Music_iOS/Info.plist;
				INSTALL_PATH = "$(LOCAL_LIBRARY_DIR)/Frameworks";
				LD_RUNPATH_SEARCH_PATHS = (
					"$(inherited)",
					"@executable_path/Frameworks",
					"@loader_path/Frameworks",
				);
				PRODUCT_BUNDLE_IDENTIFIER = "com.leoqin.www.Music-iOS";
				PRODUCT_NAME = "$(TARGET_NAME:c99extidentifier)";
				SKIP_INSTALL = YES;
				SWIFT_VERSION = 5.0;
				TARGETED_DEVICE_FAMILY = "1,2";
				VERSIONING_SYSTEM = "apple-generic";
				VERSION_INFO_PREFIX = "";
			};
			name = Release;
		};
/* End XCBuildConfiguration section */

/* Begin XCConfigurationList section */
		21707D1922E711C000F292B3 /* Build configuration list for PBXProject "EnjoyMusic" */ = {
			isa = XCConfigurationList;
			buildConfigurations = (
				21707D3122E711C100F292B3 /* Debug */,
				21707D3222E711C100F292B3 /* Release */,
			);
			defaultConfigurationIsVisible = 0;
			defaultConfigurationName = Release;
		};
		21707D3322E711C100F292B3 /* Build configuration list for PBXNativeTarget "EnjoyMusic" */ = {
			isa = XCConfigurationList;
			buildConfigurations = (
				21707D3422E711C100F292B3 /* Debug */,
				21707D3522E711C100F292B3 /* Release */,
			);
			defaultConfigurationIsVisible = 0;
			defaultConfigurationName = Release;
		};
		21707D4622E9AA6C00F292B3 /* Build configuration list for PBXNativeTarget "MusicUIKit" */ = {
			isa = XCConfigurationList;
			buildConfigurations = (
				21707D4422E9AA6C00F292B3 /* Debug */,
				21707D4522E9AA6C00F292B3 /* Release */,
			);
			defaultConfigurationIsVisible = 0;
			defaultConfigurationName = Release;
		};
		21707D5622E9AA7B00F292B3 /* Build configuration list for PBXNativeTarget "MusicDataKit" */ = {
			isa = XCConfigurationList;
			buildConfigurations = (
				21707D5722E9AA7B00F292B3 /* Debug */,
				21707D5822E9AA7B00F292B3 /* Release */,
			);
			defaultConfigurationIsVisible = 0;
			defaultConfigurationName = Release;
		};
		21707D6722E9AA8E00F292B3 /* Build configuration list for PBXNativeTarget "Music_iOS" */ = {
			isa = XCConfigurationList;
			buildConfigurations = (
				21707D6822E9AA8E00F292B3 /* Debug */,
				21707D6922E9AA8E00F292B3 /* Release */,
			);
			defaultConfigurationIsVisible = 0;
			defaultConfigurationName = Release;
		};
/* End XCConfigurationList section */

/* Begin XCVersionGroup section */
		21707D2822E711C000F292B3 /* EnjoyMusic.xcdatamodeld */ = {
			isa = XCVersionGroup;
			children = (
				21707D2922E711C000F292B3 /* EnjoyMusic.xcdatamodel */,
			);
			currentVersion = 21707D2922E711C000F292B3 /* EnjoyMusic.xcdatamodel */;
			path = EnjoyMusic.xcdatamodeld;
			sourceTree = "<group>";
			versionGroupType = wrapper.xcdatamodel;
		};
/* End XCVersionGroup section */
	};
	rootObject = 21707D1622E711C000F292B3 /* Project object */;
}
